
Microsoft Visual Studio Solution File, Format Version 12.00
# Visual Studio Version 17
VisualStudioVersion = 17.0.31903.59
MinimumVisualStudioVersion = 10.0.40219.1
Project("{2150E333-8FDC-42A3-9474-1A3956D46DE8}") = "src", "src", "{827E0CD3-B72D-47B6-A68D-7590B98EB39B}"
EndProject
Project("{FAE04EC0-301F-11D3-BF4B-00C04F79EFBC}") = "Textalonia", "src\Textalonia\Textalonia.csproj", "{87D841DF-C03D-400A-AF0F-63FB25D151B0}"
EndProject
Project("{2150E333-8FDC-42A3-9474-1A3956D46DE8}") = "samples", "samples", "{5D20AA90-6969-D8BD-9DCD-8634F4692FDA}"
EndProject
Project("{FAE04EC0-301F-11D3-BF4B-00C04F79EFBC}") = "Textalonia.Demo", "samples\Textalonia.Demo\Textalonia.Demo.csproj", "{3DD9DAE7-3F4A-42A9-9FD3-744D160DC68B}"
EndProject
Project("{2150E333-8FDC-42A3-9474-1A3956D46DE8}") = "tests", "tests", "{0AB3BF05-4346-4AA6-1389-037BE0695223}"
EndProject
Project("{FAE04EC0-301F-11D3-BF4B-00C04F79EFBC}") = "Textalonia.Tests", "tests\Textalonia.Tests\Textalonia.Tests.csproj", "{532C6602-3782-4928-8959-007EA5B6EF58}"
EndProject
Project("{2150E333-8FDC-42A3-9474-1A3956D46DE8}") = "benchmarks", "benchmarks", "{66320409-64EC-F7C5-3DEF-65E7510DAAD1}"
EndProject
Project("{FAE04EC0-301F-11D3-BF4B-00C04F79EFBC}") = "Textalonia.Benchmarks", "benchmarks\Textalonia.Benchmarks\Textalonia.Benchmarks.csproj", "{023952D1-6D02-49CC-B296-1BFE3F50A972}"
EndProject
Project("{2150E333-8FDC-42A3-9474-1A3956D46DE8}") = "tools", "tools", "{07C2787E-EAC7-C090-1BA3-A61EC2A24D84}"
EndProject
Project("{FAE04EC0-301F-11D3-BF4B-00C04F79EFBC}") = "Textalonia.ReleaseChecks", "tools\Textalonia.ReleaseChecks\Textalonia.ReleaseChecks.csproj", "{02395A2D-0071-43EF-BD16-82CE1B741317}"
EndProject
Global
	GlobalSection(SolutionConfigurationPlatforms) = preSolution
		Debug|Any CPU = Debug|Any CPU
		Debug|x64 = Debug|x64
		Debug|x86 = Debug|x86
		Release|Any CPU = Release|Any CPU
		Release|x64 = Release|x64
		Release|x86 = Release|x86
	EndGlobalSection
	GlobalSection(ProjectConfigurationPlatforms) = postSolution
		{87D841DF-C03D-400A-AF0F-63FB25D151B0}.Debug|Any CPU.ActiveCfg = Debug|Any CPU
		{87D841DF-C03D-400A-AF0F-63FB25D151B0}.Debug|Any CPU.Build.0 = Debug|Any CPU
		{87D841DF-C03D-400A-AF0F-63FB25D151B0}.Debug|x64.ActiveCfg = Debug|Any CPU
		{87D841DF-C03D-400A-AF0F-63FB25D151B0}.Debug|x64.Build.0 = Debug|Any CPU
		{87D841DF-C03D-400A-AF0F-63FB25D151B0}.Debug|x86.ActiveCfg = Debug|Any CPU
		{87D841DF-C03D-400A-AF0F-63FB25D151B0}.Debug|x86.Build.0 = Debug|Any CPU
		{87D841DF-C03D-400A-AF0F-63FB25D151B0}.Release|Any CPU.ActiveCfg = Release|Any CPU
		{87D841DF-C03D-400A-AF0F-63FB25D151B0}.Release|Any CPU.Build.0 = Release|Any CPU
		{87D841DF-C03D-400A-AF0F-63FB25D151B0}.Release|x64.ActiveCfg = Release|Any CPU
		{87D841DF-C03D-400A-AF0F-63FB25D151B0}.Release|x64.Build.0 = Release|Any CPU
		{87D841DF-C03D-400A-AF0F-63FB25D151B0}.Release|x86.ActiveCfg = Release|Any CPU
		{87D841DF-C03D-400A-AF0F-63FB25D151B0}.Release|x86.Build.0 = Release|Any CPU
		{3DD9DAE7-3F4A-42A9-9FD3-744D160DC68B}.Debug|Any CPU.ActiveCfg = Debug|Any CPU
		{3DD9DAE7-3F4A-42A9-9FD3-744D160DC68B}.Debug|Any CPU.Build.0 = Debug|Any CPU
		{3DD9DAE7-3F4A-42A9-9FD3-744D160DC68B}.Debug|x64.ActiveCfg = Debug|Any CPU
		{3DD9DAE7-3F4A-42A9-9FD3-744D160DC68B}.Debug|x64.Build.0 = Debug|Any CPU
		{3DD9DAE7-3F4A-42A9-9FD3-744D160DC68B}.Debug|x86.ActiveCfg = Debug|Any CPU
		{3DD9DAE7-3F4A-42A9-9FD3-744D160DC68B}.Debug|x86.Build.0 = Debug|Any CPU
		{3DD9DAE7-3F4A-42A9-9FD3-744D160DC68B}.Release|Any CPU.ActiveCfg = Release|Any CPU
		{3DD9DAE7-3F4A-42A9-9FD3-744D160DC68B}.Release|Any CPU.Build.0 = Release|Any CPU
		{3DD9DAE7-3F4A-42A9-9FD3-744D160DC68B}.Release|x64.ActiveCfg = Release|Any CPU
		{3DD9DAE7-3F4A-42A9-9FD3-744D160DC68B}.Release|x64.Build.0 = Release|Any CPU
		{3DD9DAE7-3F4A-42A9-9FD3-744D160DC68B}.Release|x86.ActiveCfg = Release|Any CPU
		{3DD9DAE7-3F4A-42A9-9FD3-744D160DC68B}.Release|x86.Build.0 = Release|Any CPU
		{532C6602-3782-4928-8959-007EA5B6EF58}.Debug|Any CPU.ActiveCfg = Debug|Any CPU
		{532C6602-3782-4928-8959-007EA5B6EF58}.Debug|Any CPU.Build.0 = Debug|Any CPU
		{532C6602-3782-4928-8959-007EA5B6EF58}.Debug|x64.ActiveCfg = Debug|Any CPU
		{532C6602-3782-4928-8959-007EA5B6EF58}.Debug|x64.Build.0 = Debug|Any CPU
		{532C6602-3782-4928-8959-007EA5B6EF58}.Debug|x86.ActiveCfg = Debug|Any CPU
		{532C6602-3782-4928-8959-007EA5B6EF58}.Debug|x86.Build.0 = Debug|Any CPU
		{532C6602-3782-4928-8959-007EA5B6EF58}.Release|Any CPU.ActiveCfg = Release|Any CPU
		{532C6602-3782-4928-8959-007EA5B6EF58}.Release|Any CPU.Build.0 = Release|Any CPU
		{532C6602-3782-4928-8959-007EA5B6EF58}.Release|x64.ActiveCfg = Release|Any CPU
		{532C6602-3782-4928-8959-007EA5B6EF58}.Release|x64.Build.0 = Release|Any CPU
		{532C6602-3782-4928-8959-007EA5B6EF58}.Release|x86.ActiveCfg = Release|Any CPU
		{532C6602-3782-4928-8959-007EA5B6EF58}.Release|x86.Build.0 = Release|Any CPU
		{023952D1-6D02-49CC-B296-1BFE3F50A972}.Debug|Any CPU.ActiveCfg = Debug|Any CPU
		{023952D1-6D02-49CC-B296-1BFE3F50A972}.Debug|Any CPU.Build.0 = Debug|Any CPU
		{023952D1-6D02-49CC-B296-1BFE3F50A972}.Debug|x64.ActiveCfg = Debug|Any CPU
		{023952D1-6D02-49CC-B296-1BFE3F50A972}.Debug|x64.Build.0 = Debug|Any CPU
		{023952D1-6D02-49CC-B296-1BFE3F50A972}.Debug|x86.ActiveCfg = Debug|Any CPU
		{023952D1-6D02-49CC-B296-1BFE3F50A972}.Debug|x86.Build.0 = Debug|Any CPU
		{023952D1-6D02-49CC-B296-1BFE3F50A972}.Release|Any CPU.ActiveCfg = Release|Any CPU
		{023952D1-6D02-49CC-B296-1BFE3F50A972}.Release|Any CPU.Build.0 = Release|Any CPU
		{023952D1-6D02-49CC-B296-1BFE3F50A972}.Release|x64.ActiveCfg = Release|Any CPU
		{023952D1-6D02-49CC-B296-1BFE3F50A972}.Release|x64.Build.0 = Release|Any CPU
		{023952D1-6D02-49CC-B296-1BFE3F50A972}.Release|x86.ActiveCfg = Release|Any CPU
		{023952D1-6D02-49CC-B296-1BFE3F50A972}.Release|x86.Build.0 = Release|Any CPU
		{02395A2D-0071-43EF-BD16-82CE1B741317}.Debug|Any CPU.ActiveCfg = Debug|Any CPU
		{02395A2D-0071-43EF-BD16-82CE1B741317}.Debug|Any CPU.Build.0 = Debug|Any CPU
		{02395A2D-0071-43EF-BD16-82CE1B741317}.Debug|x64.ActiveCfg = Debug|Any CPU
		{02395A2D-0071-43EF-BD16-82CE1B741317}.Debug|x64.Build.0 = Debug|Any CPU
		{02395A2D-0071-43EF-BD16-82CE1B741317}.Debug|x86.ActiveCfg = Debug|Any CPU
		{02395A2D-0071-43EF-BD16-82CE1B741317}.Debug|x86.Build.0 = Debug|Any CPU
		{02395A2D-0071-43EF-BD16-82CE1B741317}.Release|Any CPU.ActiveCfg = Release|Any CPU
		{02395A2D-0071-43EF-BD16-82CE1B741317}.Release|Any CPU.Build.0 = Release|Any CPU
		{02395A2D-0071-43EF-BD16-82CE1B741317}.Release|x64.ActiveCfg = Release|Any CPU
		{02395A2D-0071-43EF-BD16-82CE1B741317}.Release|x64.Build.0 = Release|Any CPU
		{02395A2D-0071-43EF-BD16-82CE1B741317}.Release|x86.ActiveCfg = Release|Any CPU
		{02395A2D-0071-43EF-BD16-82CE1B741317}.Release|x86.Build.0 = Release|Any CPU
	EndGlobalSection
	GlobalSection(SolutionProperties) = preSolution
		HideSolutionNode = FALSE
	EndGlobalSection
	GlobalSection(NestedProjects) = preSolution
		{87D841DF-C03D-400A-AF0F-63FB25D151B0} = {827E0CD3-B72D-47B6-A68D-7590B98EB39B}
		{3DD9DAE7-3F4A-42A9-9FD3-744D160DC68B} = {5D20AA90-6969-D8BD-9DCD-8634F4692FDA}
		{532C6602-3782-4928-8959-007EA5B6EF58} = {0AB3BF05-4346-4AA6-1389-037BE0695223}
		{023952D1-6D02-49CC-B296-1BFE3F50A972} = {66320409-64EC-F7C5-3DEF-65E7510DAAD1}
		{02395A2D-0071-43EF-BD16-82CE1B741317} = {07C2787E-EAC7-C090-1BA3-A61EC2A24D84}
	EndGlobalSection
EndGlobal
